{
  "name": "a1",
  "lockfileVersion": 3,
  "requires": true,
  "packages": {
    "": {
      "dependencies": {
        "simplekit": "^0.4.1"
      }
    },
    "node_modules/simplekit": {
      "version": "0.4.1",
      "resolved": "https://registry.npmjs.org/simplekit/-/simplekit-0.4.1.tgz",
      "integrity": "sha512-Z6ltJ4i52gTqVWKhrkPwVJ1GOsQ/ebsglrWm8o7RXoVkjfN6+NZXS1FINPzzxwHgwENsrn4fpm87hKaAusnXSg=="
    }
  }
}
